{
  "name": "hyeonjun",
  "lockfileVersion": 3,
  "requires": true,
  "packages": {
    "": {
      "devDependencies": {
        "eslint-config-prettier": "^10.1.8"
      }
    },
    "node_modules/eslint-config-prettier": {
      "version": "10.1.8",
      "resolved": "https://registry.npmjs.org/eslint-config-prettier/-/eslint-config-prettier-10.1.8.tgz",
      "integrity": "sha512-82GZUjRS0p/jganf6q1rEO25VSoHH0hKPCTrgillPjdI/3bgBhAE1QzHrHTizjpRvy6pGAvKjDJtk2pF9NDq8w==",
      "dev": true,
      "license": "MIT",
      "bin": {
        "eslint-config-prettier": "bin/cli.js"
      },
      "funding": {
        "url": "https://opencollective.com/eslint-config-prettier"
      },
      "peerDependencies": {
        "eslint": ">=7.0.0"
      }
    }
  }
}
